// !$*UTF8*$!
{
	archiveVersion = 1;
	classes = {
	};
	objectVersion = 50;
	objects = {

/* Begin PBXBuildFile section */
		A93541E224ACA21900B3DF59 /* AppDelegate.swift in Sources */ = {isa = PBXBuildFile; fileRef = A93541E124ACA21900B3DF59 /* AppDelegate.swift */; };
		A93541E424ACA21900B3DF59 /* SceneDelegate.swift in Sources */ = {isa = PBXBuildFile; fileRef = A93541E324ACA21900B3DF59 /* SceneDelegate.swift */; };
		A93541E624ACA21900B3DF59 /* MainViewController.swift in Sources */ = {isa = PBXBuildFile; fileRef = A93541E524ACA21900B3DF59 /* MainViewController.swift */; };
		A93541E924ACA21900B3DF59 /* Main.storyboard in Resources */ = {isa = PBXBuildFile; fileRef = A93541E724ACA21900B3DF59 /* Main.storyboard */; };
		A93541EB24ACA21B00B3DF59 /* Assets.xcassets in Resources */ = {isa = PBXBuildFile; fileRef = A93541EA24ACA21B00B3DF59 /* Assets.xcassets */; };
		A93541EE24ACA21B00B3DF59 /* LaunchScreen.storyboard in Resources */ = {isa = PBXBuildFile; fileRef = A93541EC24ACA21B00B3DF59 /* LaunchScreen.storyboard */; };
		A93541F824ACA4FA00B3DF59 /* CurrencyTextField.swift in Sources */ = {isa = PBXBuildFile; fileRef = A93541F724ACA4FA00B3DF59 /* CurrencyTextField.swift */; };
		A935420024ACF52500B3DF59 /* SHPRTests.swift in Sources */ = {isa = PBXBuildFile; fileRef = A93541FF24ACF52500B3DF59 /* SHPRTests.swift */; };
		A935420924ACF58A00B3DF59 /* Brain.swift in Sources */ = {isa = PBXBuildFile; fileRef = A935420824ACF58A00B3DF59 /* Brain.swift */; };
		A935420A24ACF70F00B3DF59 /* Brain.swift in Sources */ = {isa = PBXBuildFile; fileRef = A935420824ACF58A00B3DF59 /* Brain.swift */; };
/* End PBXBuildFile section */

/* Begin PBXContainerItemProxy section */
		A935420224ACF52500B3DF59 /* PBXContainerItemProxy */ = {
			isa = PBXContainerItemProxy;
			containerPortal = A93541D624ACA21900B3DF59 /* Project object */;
			proxyType = 1;
			remoteGlobalIDString = A93541DD24ACA21900B3DF59;
			remoteInfo = SHPR;
		};
/* End PBXContainerItemProxy section */

/* Begin PBXFileReference section */
		A93541DE24ACA21900B3DF59 /* SHPR.app */ = {isa = PBXFileReference; explicitFileType = wrapper.application; includeInIndex = 0; path = SHPR.app; sourceTree = BUILT_PRODUCTS_DIR; };
		A93541E124ACA21900B3DF59 /* AppDelegate.swift */ = {isa = PBXFileReference; lastKnownFileType = sourcecode.swift; path = AppDelegate.swift; sourceTree = "<group>"; };
		A93541E324ACA21900B3DF59 /* SceneDelegate.swift */ = {isa = PBXFileReference; lastKnownFileType = sourcecode.swift; path = SceneDelegate.swift; sourceTree = "<group>"; };
		A93541E524ACA21900B3DF59 /* MainViewController.swift */ = {isa = PBXFileReference; lastKnownFileType = sourcecode.swift; path = MainViewController.swift; sourceTree = "<group>"; };
		A93541E824ACA21900B3DF59 /* Base */ = {isa = PBXFileReference; lastKnownFileType = file.storyboard; name = Base; path = Base.lproj/Main.storyboard; sourceTree = "<group>"; };
		A93541EA24ACA21B00B3DF59 /* Assets.xcassets */ = {isa = PBXFileReference; lastKnownFileType = folder.assetcatalog; path = Assets.xcassets; sourceTree = "<group>"; };
		A93541ED24ACA21B00B3DF59 /* Base */ = {isa = PBXFileReference; lastKnownFileType = file.storyboard; name = Base; path = Base.lproj/LaunchScreen.storyboard; sourceTree = "<group>"; };
		A93541EF24ACA21B00B3DF59 /* Info.plist */ = {isa = PBXFileReference; lastKnownFileType = text.plist.xml; path = Info.plist; sourceTree = "<group>"; };
		A93541F724ACA4FA00B3DF59 /* CurrencyTextField.swift */ = {isa = PBXFileReference; lastKnownFileType = sourcecode.swift; path = CurrencyTextField.swift; sourceTree = "<group>"; };
		A93541FD24ACF52500B3DF59 /* SHPRTests.xctest */ = {isa = PBXFileReference; explicitFileType = wrapper.cfbundle; includeInIndex = 0; path = SHPRTests.xctest; sourceTree = BUILT_PRODUCTS_DIR; };
		A93541FF24ACF52500B3DF59 /* SHPRTests.swift */ = {isa = PBXFileReference; lastKnownFileType = sourcecode.swift; path = SHPRTests.swift; sourceTree = "<group>"; };
		A935420124ACF52500B3DF59 /* Info.plist */ = {isa = PBXFileReference; lastKnownFileType = text.plist.xml; path = Info.plist; sourceTree = "<group>"; };
		A935420824ACF58A00B3DF59 /* Brain.swift */ = {isa = PBXFileReference; lastKnownFileType = sourcecode.swift; path = Brain.swift; sourceTree = "<group>"; };
/* End PBXFileReference section */

/* Begin PBXFrameworksBuildPhase section */
		A93541DB24ACA21900B3DF59 /* Frameworks */ = {
			isa = PBXFrameworksBuildPhase;
			buildActionMask = 2147483647;
			files = (
			);
			runOnlyForDeploymentPostprocessing = 0;
		};
		A93541FA24ACF52500B3DF59 /* Frameworks */ = {
			isa = PBXFrameworksBuildPhase;
			buildActionMask = 2147483647;
			files = (
			);
			runOnlyForDeploymentPostprocessing = 0;
		};
/* End PBXFrameworksBuildPhase section */

/* Begin PBXGroup section */
		A93541D524ACA21900B3DF59 = {
			isa = PBXGroup;
			children = (
				A93541E024ACA21900B3DF59 /* SHPR */,
				A93541FE24ACF52500B3DF59 /* SHPRTests */,
				A93541DF24ACA21900B3DF59 /* Products */,
			);
			sourceTree = "<group>";
		};
		A93541DF24ACA21900B3DF59 /* Products */ = {
			isa = PBXGroup;
			children = (
				A93541DE24ACA21900B3DF59 /* SHPR.app */,
				A93541FD24ACF52500B3DF59 /* SHPRTests.xctest */,
			);
			name = Products;
			sourceTree = "<group>";
		};
		A93541E024ACA21900B3DF59 /* SHPR */ = {
			isa = PBXGroup;
			children = (
				A935420724ACF53A00B3DF59 /* Model */,
				A93541F624ACA4C500B3DF59 /* View */,
				A93541F524ACA38A00B3DF59 /* Controller */,
				A93541E124ACA21900B3DF59 /* AppDelegate.swift */,
				A93541E324ACA21900B3DF59 /* SceneDelegate.swift */,
				A93541E724ACA21900B3DF59 /* Main.storyboard */,
				A93541EA24ACA21B00B3DF59 /* Assets.xcassets */,
				A93541EC24ACA21B00B3DF59 /* LaunchScreen.storyboard */,
				A93541EF24ACA21B00B3DF59 /* Info.plist */,
			);
			path = SHPR;
			sourceTree = "<group>";
		};
		A93541F524ACA38A00B3DF59 /* Controller */ = {
			isa = PBXGroup;
			children = (
				A93541E524ACA21900B3DF59 /* MainViewController.swift */,
			);
			path = Controller;
			sourceTree = "<group>";
		};
		A93541F624ACA4C500B3DF59 /* View */ = {
			isa = PBXGroup;
			children = (
				A93541F724ACA4FA00B3DF59 /* CurrencyTextField.swift */,
			);
			path = View;
			sourceTree = "<group>";
		};
		A93541FE24ACF52500B3DF59 /* SHPRTests */ = {
			isa = PBXGroup;
			children = (
				A93541FF24ACF52500B3DF59 /* SHPRTests.swift */,
				A935420124ACF52500B3DF59 /* Info.plist */,
			);
			path = SHPRTests;
			sourceTree = "<group>";
		};
		A935420724ACF53A00B3DF59 /* Model */ = {
			isa = PBXGroup;
			children = (
				A935420824ACF58A00B3DF59 /* Brain.swift */,
			);
			path = Model;
			sourceTree = "<group>";
		};
/* End PBXGroup section */

/* Begin PBXNativeTarget section */
		A93541DD24ACA21900B3DF59 /* SHPR */ = {
			isa = PBXNativeTarget;
			buildConfigurationList = A93541F224ACA21B00B3DF59 /* Build configuration list for PBXNativeTarget "SHPR" */;
			buildPhases = (
				A93541DA24ACA21900B3DF59 /* Sources */,
				A93541DB24ACA21900B3DF59 /* Frameworks */,
				A93541DC24ACA21900B3DF59 /* Resources */,
			);
			buildRules = (
			);
			dependencies = (
			);
			name = SHPR;
			productName = SHPR;
			productReference = A93541DE24ACA21900B3DF59 /* SHPR.app */;
			productType = "com.apple.product-type.application";
		};
		A93541FC24ACF52500B3DF59 /* SHPRTests */ = {
			isa = PBXNativeTarget;
			buildConfigurationList = A935420624ACF52500B3DF59 /* Build configuration list for PBXNativeTarget "SHPRTests" */;
			buildPhases = (
				A93541F924ACF52500B3DF59 /* Sources */,
				A93541FA24ACF52500B3DF59 /* Frameworks */,
				A93541FB24ACF52500B3DF59 /* Resources */,
			);
			buildRules = (
			);
			dependencies = (
				A935420324ACF52500B3DF59 /* PBXTargetDependency */,
			);
			name = SHPRTests;
			productName = SHPRTests;
			productReference = A93541FD24ACF52500B3DF59 /* SHPRTests.xctest */;
			productType = "com.apple.product-type.bundle.unit-test";
		};
/* End PBXNativeTarget section */

/* Begin PBXProject section */
		A93541D624ACA21900B3DF59 /* Project object */ = {
			isa = PBXProject;
			attributes = {
				LastSwiftUpdateCheck = 1140;
				LastUpgradeCheck = 1140;
				ORGANIZATIONNAME = "madhav sharma";
				TargetAttributes = {
					A93541DD24ACA21900B3DF59 = {
						CreatedOnToolsVersion = 11.4.1;
					};
					A93541FC24ACF52500B3DF59 = {
						CreatedOnToolsVersion = 11.4.1;
						TestTargetID = A93541DD24ACA21900B3DF59;
					};
				};
			};
			buildConfigurationList = A93541D924ACA21900B3DF59 /* Build configuration list for PBXProject "SHPR" */;
			compatibilityVersion = "Xcode 9.3";
			developmentRegion = en;
			hasScannedForEncodings = 0;
			knownRegions = (
				en,
				Base,
			);
			mainGroup = A93541D524ACA21900B3DF59;
			productRefGroup = A93541DF24ACA21900B3DF59 /* Products */;
			projectDirPath = "";
			projectRoot = "";
			targets = (
				A93541DD24ACA21900B3DF59 /* SHPR */,
				A93541FC24ACF52500B3DF59 /* SHPRTests */,
			);
		};
/* End PBXProject section */

/* Begin PBXResourcesBuildPhase section */
		A93541DC24ACA21900B3DF59 /* Resources */ = {
			isa = PBXResourcesBuildPhase;
			buildActionMask = 2147483647;
			files = (
				A93541EE24ACA21B00B3DF59 /* LaunchScreen.storyboard in Resources */,
				A93541EB24ACA21B00B3DF59 /* Assets.xcassets in Resources */,
				A93541E924ACA21900B3DF59 /* Main.storyboard in Resources */,
			);
			runOnlyForDeploymentPostprocessing = 0;
		};
		A93541FB24ACF52500B3DF59 /* Resources */ = {
			isa = PBXResourcesBuildPhase;
			buildActionMask = 2147483647;
			files = (
			);
			runOnlyForDeploymentPostprocessing = 0;
		};
/* End PBXResourcesBuildPhase section */

/* Begin PBXSourcesBuildPhase section */
		A93541DA24ACA21900B3DF59 /* Sources */ = {
			isa = PBXSourcesBuildPhase;
			buildActionMask = 2147483647;
			files = (
				A93541E624ACA21900B3DF59 /* MainViewController.swift in Sources */,
				A93541E224ACA21900B3DF59 /* AppDelegate.swift in Sources */,
				A93541F824ACA4FA00B3DF59 /* CurrencyTextField.swift in Sources */,
				A935420924ACF58A00B3DF59 /* Brain.swift in Sources */,
				A93541E424ACA21900B3DF59 /* SceneDelegate.swift in Sources */,
			);
			runOnlyForDeploymentPostprocessing = 0;
		};
		A93541F924ACF52500B3DF59 /* Sources */ = {
			isa = PBXSourcesBuildPhase;
			buildActionMask = 2147483647;
			files = (
				A935420A24ACF70F00B3DF59 /* Brain.swift in Sources */,
				A935420024ACF52500B3DF59 /* SHPRTests.swift in Sources */,
			);
			runOnlyForDeploymentPostprocessing = 0;
		};
/* End PBXSourcesBuildPhase section */

/* Begin PBXTargetDependency section */
		A935420324ACF52500B3DF59 /* PBXTargetDependency */ = {
			isa = PBXTargetDependency;
			target = A93541DD24ACA21900B3DF59 /* SHPR */;
			targetProxy = A935420224ACF52500B3DF59 /* PBXContainerItemProxy */;
		};
/* End PBXTargetDependency section */

/* Begin PBXVariantGroup section */
		A93541E724ACA21900B3DF59 /* Main.storyboard */ = {
			isa = PBXVariantGroup;
			children = (
				A93541E824ACA21900B3DF59 /* Base */,
			);
			name = Main.storyboard;
			sourceTree = "<group>";
		};
		A93541EC24ACA21B00B3DF59 /* LaunchScreen.storyboard */ = {
			isa = PBXVariantGroup;
			children = (
				A93541ED24ACA21B00B3DF59 /* Base */,
			);
			name = LaunchScreen.storyboard;
			sourceTree = "<group>";
		};
/* End PBXVariantGroup section */

/* Begin XCBuildConfiguration section */
		A93541F024ACA21B00B3DF59 /* Debug */ = {
			isa = XCBuildConfiguration;
			buildSettings = {
				ALWAYS_SEARCH_USER_PATHS = NO;
				CLANG_ANALYZER_NONNULL = YES;
				CLANG_ANALYZER_NUMBER_OBJECT_CONVERSION = YES_AGGRESSIVE;
				CLANG_CXX_LANGUAGE_STANDARD = "gnu++14";
				CLANG_CXX_LIBRARY = "libc++";
				CLANG_ENABLE_MODULES = YES;
				CLANG_ENABLE_OBJC_ARC = YES;
				CLANG_ENABLE_OBJC_WEAK = YES;
				CLANG_WARN_BLOCK_CAPTURE_AUTORELEASING = YES;
				CLANG_WARN_BOOL_CONVERSION = YES;
				CLANG_WARN_COMMA = YES;
				CLANG_WARN_CONSTANT_CONVERSION = YES;
				CLANG_WARN_DEPRECATED_OBJC_IMPLEMENTATIONS = YES;
				CLANG_WARN_DIRECT_OBJC_ISA_USAGE = YES_ERROR;
				CLANG_WARN_DOCUMENTATION_COMMENTS = YES;
				CLANG_WARN_EMPTY_BODY = YES;
				CLANG_WARN_ENUM_CONVERSION = YES;
				CLANG_WARN_INFINITE_RECURSION = YES;
				CLANG_WARN_INT_CONVERSION = YES;
				CLANG_WARN_NON_LITERAL_NULL_CONVERSION = YES;
				CLANG_WARN_OBJC_IMPLICIT_RETAIN_SELF = YES;
				CLANG_WARN_OBJC_LITERAL_CONVERSION = YES;
				CLANG_WARN_OBJC_ROOT_CLASS = YES_ERROR;
				CLANG_WARN_RANGE_LOOP_ANALYSIS = YES;
				CLANG_WARN_STRICT_PROTOTYPES = YES;
				CLANG_WARN_SUSPICIOUS_MOVE = YES;
				CLANG_WARN_UNGUARDED_AVAILABILITY = YES_AGGRESSIVE;
				CLANG_WARN_UNREACHABLE_CODE = YES;
				CLANG_WARN__DUPLICATE_METHOD_MATCH = YES;
				COPY_PHASE_STRIP = NO;
				DEBUG_INFORMATION_FORMAT = dwarf;
				ENABLE_STRICT_OBJC_MSGSEND = YES;
				ENABLE_TESTABILITY = YES;
				GCC_C_LANGUAGE_STANDARD = gnu11;
				GCC_DYNAMIC_NO_PIC = NO;
				GCC_NO_COMMON_BLOCKS = YES;
				GCC_OPTIMIZATION_LEVEL = 0;
				GCC_PREPROCESSOR_DEFINITIONS = (
					"DEBUG=1",
					"$(inherited)",
				);
				GCC_WARN_64_TO_32_BIT_CONVERSION = YES;
				GCC_WARN_ABOUT_RETURN_TYPE = YES_ERROR;
				GCC_WARN_UNDECLARED_SELECTOR = YES;
				GCC_WARN_UNINITIALIZED_AUTOS = YES_AGGRESSIVE;
				GCC_WARN_UNUSED_FUNCTION = YES;
				GCC_WARN_UNUSED_VARIABLE = YES;
				IPHONEOS_DEPLOYMENT_TARGET = 13.3;
				MTL_ENABLE_DEBUG_INFO = INCLUDE_SOURCE;
				MTL_FAST_MATH = YES;
				ONLY_ACTIVE_ARCH = YES;
				SDKROOT = iphoneos;
				SWIFT_ACTIVE_COMPILATION_CONDITIONS = DEBUG;
				SWIFT_OPTIMIZATION_LEVEL = "-Onone";
			};
			name = Debug;
		};
		A93541F124ACA21B00B3DF59 /* Release */ = {
			isa = XCBuildConfiguration;
			buildSettings = {
				ALWAYS_SEARCH_USER_PATHS = NO;
				CLANG_ANALYZER_NONNULL = YES;
				CLANG_ANALYZER_NUMBER_OBJECT_CONVERSION = YES_AGGRESSIVE;
				CLANG_CXX_LANGUAGE_STANDARD = "gnu++14";
				CLANG_CXX_LIBRARY = "libc++";
				CLANG_ENABLE_MODULES = YES;
				CLANG_ENABLE_OBJC_ARC = YES;
				CLANG_ENABLE_OBJC_WEAK = YES;
				CLANG_WARN_BLOCK_CAPTURE_AUTORELEASING = YES;
				CLANG_WARN_BOOL_CONVERSION = YES;
				CLANG_WARN_COMMA = YES;
				CLANG_WARN_CONSTANT_CONVERSION = YES;
				CLANG_WARN_DEPRECATED_OBJC_IMPLEMENTATIONS = YES;
				CLANG_WARN_DIRECT_OBJC_ISA_USAGE = YES_ERROR;
				CLANG_WARN_DOCUMENTATION_COMMENTS = YES;
				CLANG_WARN_EMPTY_BODY = YES;
				CLANG_WARN_ENUM_CONVERSION = YES;
				CLANG_WARN_INFINITE_RECURSION = YES;
				CLANG_WARN_INT_CONVERSION = YES;
				CLANG_WARN_NON_LITERAL_NULL_CONVERSION = YES;
				CLANG_WARN_OBJC_IMPLICIT_RETAIN_SELF = YES;
				CLANG_WARN_OBJC_LITERAL_CONVERSION = YES;
				CLANG_WARN_OBJC_ROOT_CLASS = YES_ERROR;
				CLANG_WARN_RANGE_LOOP_ANALYSIS = YES;
				CLANG_WARN_STRICT_PROTOTYPES = YES;
				CLANG_WARN_SUSPICIOUS_MOVE = YES;
				CLANG_WARN_UNGUARDED_AVAILABILITY = YES_AGGRESSIVE;
				CLANG_WARN_UNREACHABLE_CODE = YES;
				CLANG_WARN__DUPLICATE_METHOD_MATCH = YES;
				COPY_PHASE_STRIP = NO;
				DEBUG_INFORMATION_FORMAT = "dwarf-with-dsym";
				ENABLE_NS_ASSERTIONS = NO;
				ENABLE_STRICT_OBJC_MSGSEND = YES;
				GCC_C_LANGUAGE_STANDARD = gnu11;
				GCC_NO_COMMON_BLOCKS = YES;
				GCC_WARN_64_TO_32_BIT_CONVERSION = YES;
				GCC_WARN_ABOUT_RETURN_TYPE = YES_ERROR;
				GCC_WARN_UNDECLARED_SELECTOR = YES;
				GCC_WARN_UNINITIALIZED_AUTOS = YES_AGGRESSIVE;
				GCC_WARN_UNUSED_FUNCTION = YES;
				GCC_WARN_UNUSED_VARIABLE = YES;
				IPHONEOS_DEPLOYMENT_TARGET = 13.3;
				MTL_ENABLE_DEBUG_INFO = NO;
				MTL_FAST_MATH = YES;
				SDKROOT = iphoneos;
				SWIFT_COMPILATION_MODE = wholemodule;
				SWIFT_OPTIMIZATION_LEVEL = "-O";
				VALIDATE_PRODUCT = YES;
			};
			name = Release;
		};
		A93541F324ACA21B00B3DF59 /* Debug */ = {
			isa = XCBuildConfiguration;
			buildSettings = {
				ASSETCATALOG_COMPILER_APPICON_NAME = AppIcon;
				CODE_SIGN_STYLE = Automatic;
				DEVELOPMENT_TEAM = 9BV27BA45C;
				INFOPLIST_FILE = SHPR/Info.plist;
				IPHONEOS_DEPLOYMENT_TARGET = 13.3;
				LD_RUNPATH_SEARCH_PATHS = (
					"$(inherited)",
					"@executable_path/Frameworks",
				);
				PRODUCT_BUNDLE_IDENTIFIER = com.ballermach.SHPR;
				PRODUCT_NAME = "$(TARGET_NAME)";
				SWIFT_VERSION = 5.0;
				TARGETED_DEVICE_FAMILY = "1,2";
			};
			name = Debug;
		};
		A93541F424ACA21B00B3DF59 /* Release */ = {
			isa = XCBuildConfiguration;
			buildSettings = {
				ASSETCATALOG_COMPILER_APPICON_NAME = AppIcon;
				CODE_SIGN_STYLE = Automatic;
				DEVELOPMENT_TEAM = 9BV27BA45C;
				INFOPLIST_FILE = SHPR/Info.plist;
				IPHONEOS_DEPLOYMENT_TARGET = 13.3;
				LD_RUNPATH_SEARCH_PATHS = (
					"$(inherited)",
					"@executable_path/Frameworks",
				);
				PRODUCT_BUNDLE_IDENTIFIER = com.ballermach.SHPR;
				PRODUCT_NAME = "$(TARGET_NAME)";
				SWIFT_VERSION = 5.0;
				TARGETED_DEVICE_FAMILY = "1,2";
			};
			name = Release;
		};
		A935420424ACF52500B3DF59 /* Debug */ = {
			isa = XCBuildConfiguration;
			buildSettings = {
				BUNDLE_LOADER = "$(TEST_HOST)";
				CODE_SIGN_STYLE = Automatic;
				DEVELOPMENT_TEAM = 9BV27BA45C;
				INFOPLIST_FILE = SHPRTests/Info.plist;
				LD_RUNPATH_SEARCH_PATHS = (
					"$(inherited)",
					"@executable_path/Frameworks",
					"@loader_path/Frameworks",
				);
				PRODUCT_BUNDLE_IDENTIFIER = com.ballermach.SHPRTests;
				PRODUCT_NAME = "$(TARGET_NAME)";
				SWIFT_VERSION = 5.0;
				TARGETED_DEVICE_FAMILY = "1,2";
				TEST_HOST = "$(BUILT_PRODUCTS_DIR)/SHPR.app/SHPR";
			};
			name = Debug;
		};
		A935420524ACF52500B3DF59 /* Release */ = {
			isa = XCBuildConfiguration;
			buildSettings = {
				BUNDLE_LOADER = "$(TEST_HOST)";
				CODE_SIGN_STYLE = Automatic;
				DEVELOPMENT_TEAM = 9BV27BA45C;
				INFOPLIST_FILE = SHPRTests/Info.plist;
				LD_RUNPATH_SEARCH_PATHS = (
					"$(inherited)",
					"@executable_path/Frameworks",
					"@loader_path/Frameworks",
				);
				PRODUCT_BUNDLE_IDENTIFIER = com.ballermach.SHPRTests;
				PRODUCT_NAME = "$(TARGET_NAME)";
				SWIFT_VERSION = 5.0;
				TARGETED_DEVICE_FAMILY = "1,2";
				TEST_HOST = "$(BUILT_PRODUCTS_DIR)/SHPR.app/SHPR";
			};
			name = Release;
		};
/* End XCBuildConfiguration section */

/* Begin XCConfigurationList section */
		A93541D924ACA21900B3DF59 /* Build configuration list for PBXProject "SHPR" */ = {
			isa = XCConfigurationList;
			buildConfigurations = (
				A93541F024ACA21B00B3DF59 /* Debug */,
				A93541F124ACA21B00B3DF59 /* Release */,
			);
			defaultConfigurationIsVisible = 0;
			defaultConfigurationName = Release;
		};
		A93541F224ACA21B00B3DF59 /* Build configuration list for PBXNativeTarget "SHPR" */ = {
			isa = XCConfigurationList;
			buildConfigurations = (
				A93541F324ACA21B00B3DF59 /* Debug */,
				A93541F424ACA21B00B3DF59 /* Release */,
			);
			defaultConfigurationIsVisible = 0;
			defaultConfigurationName = Release;
		};
		A935420624ACF52500B3DF59 /* Build configuration list for PBXNativeTarget "SHPRTests" */ = {
			isa = XCConfigurationList;
			buildConfigurations = (
				A935420424ACF52500B3DF59 /* Debug */,
				A935420524ACF52500B3DF59 /* Release */,
			);
			defaultConfigurationIsVisible = 0;
			defaultConfigurationName = Release;
		};
/* End XCConfigurationList section */
	};
	rootObject = A93541D624ACA21900B3DF59 /* Project object */;
}
